<?xml version="1.0" encoding="utf-8"?>
<Project ToolsVersion="4.0" xmlns="http://schemas.microsoft.com/developer/msbuild/2003">
  <ItemGroup>
    <Filter Include="Math">
      <UniqueIdentifier>{4FC737F1-C7A5-4376-A066-2A32D752A2FF}</UniqueIdentifier>
      <Extensions>cpp;c;cc;cxx;def;odl;idl;hpj;bat;asm;asmx</Extensions>
    </Filter>
    <Filter Include="Misc">
      <UniqueIdentifier>{72056cb6-72a2-42b7-b05e-376f1ddd957e}</UniqueIdentifier>
    </Filter>
    <Filter Include="Hardware">
      <UniqueIdentifier>{3cf277ff-4ae9-4a8d-8c2a-feefa985997f}</UniqueIdentifier>
    </Filter>
    <Filter Include="Software">
      <UniqueIdentifier>{7f49619b-279a-4446-8548-f3ca81997efa}</UniqueIdentifier>
    </Filter>
    <Filter Include="Hardware\Effects">
      <UniqueIdentifier>{f0ea71db-69d6-4707-acb1-ce0496ab9536}</UniqueIdentifier>
    </Filter>
  </ItemGroup>
  <ItemGroup>
    <ClInclude Include="Vector3.h">
      <Filter>Math</Filter>
    </ClInclude>
    <ClInclude Include="Matrix.h">
      <Filter>Math</Filter>
    </ClInclude>
    <ClInclude Include="Vector4.h">
      <Filter>Math</Filter>
    </ClInclude>
    <ClInclude Include="Math.h">
      <Filter>Math</Filter>
    </ClInclude>
    <ClInclude Include="MathHelpers.h">
      <Filter>Math</Filter>
    </ClInclude>
    <ClInclude Include="Timer.h">
      <Filter>Misc</Filter>
    </ClInclude>
    <ClInclude Include="Vector2.h">
      <Filter>Math</Filter>
    </ClInclude>
    <ClInclude Include="pch.h" />
    <ClInclude Include="ColorRGB.h">
      <Filter>Math</Filter>
    </ClInclude>
    <ClInclude Include="Camera.h" />
    <ClInclude Include="Utils.h" />
    <ClInclude Include="EffectFire.h">
      <Filter>Hardware\Effects</Filter>
    </ClInclude>
    <ClInclude Include="EffectShading.h">
      <Filter>Hardware\Effects</Filter>
    </ClInclude>
    <ClInclude Include="Effect.h">
      <Filter>Hardware\Effects</Filter>
    </ClInclude>
    <ClInclude Include="Renderer_Hardware.h">
      <Filter>Hardware</Filter>
    </ClInclude>
    <ClInclude Include="Texture_Hardware.h">
      <Filter>Hardware</Filter>
    </ClInclude>
    <ClInclude Include="Mesh_Hardware.h">
      <Filter>Hardware</Filter>
    </ClInclude>
    <ClInclude Include="DataTypes.h" />
    <ClInclude Include="Texture_Software.h">
      <Filter>Software</Filter>
    </ClInclude>
    <ClInclude Include="Renderer_Software.h">
      <Filter>Software</Filter>
    </ClInclude>
  </ItemGroup>
  <ItemGroup>
    <ClCompile Include="main.cpp" />
    <ClCompile Include="Vector3.cpp">
      <Filter>Math</Filter>
    </ClCompile>
    <ClCompile Include="Matrix.cpp">
      <Filter>Math</Filter>
    </ClCompile>
    <ClCompile Include="Vector4.cpp">
      <Filter>Math</Filter>
    </ClCompile>
    <ClCompile Include="Timer.cpp">
      <Filter>Misc</Filter>
    </ClCompile>
    <ClCompile Include="Vector2.cpp">
      <Filter>Math</Filter>
    </ClCompile>
    <ClCompile Include="pch.cpp" />
    <ClCompile Include="Camera.cpp" />
    <ClCompile Include="EffectFire.cpp">
      <Filter>Hardware\Effects</Filter>
    </ClCompile>
    <ClCompile Include="EffectShading.cpp">
      <Filter>Hardware\Effects</Filter>
    </ClCompile>
    <ClCompile Include="Effect.cpp">
      <Filter>Hardware\Effects</Filter>
    </ClCompile>
    <ClCompile Include="Renderer_Hardware.cpp">
      <Filter>Hardware</Filter>
    </ClCompile>
    <ClCompile Include="Texture_Hardware.cpp">
      <Filter>Hardware</Filter>
    </ClCompile>
    <ClCompile Include="Mesh_Hardware.cpp">
      <Filter>Hardware</Filter>
    </ClCompile>
    <ClCompile Include="Texture_Software.cpp">
      <Filter>Software</Filter>
    </ClCompile>
    <ClCompile Include="Renderer_Software.cpp">
      <Filter>Software</Filter>
    </ClCompile>
  </ItemGroup>
</Project>